
Microsoft Visual Studio Solution File, Format Version 12.00
# Visual Studio 14
VisualStudioVersion = 14.0.23107.0
MinimumVisualStudioVersion = 10.0.40219.1
Project("{FAE04EC0-301F-11D3-BF4B-00C04F79EFBC}") = "RSSClient", "RSSClient\RSSClient.csproj", "{06605168-D7F3-4C50-BA36-E4A47E7EBC5F}"
EndProject
Project("{FAE04EC0-301F-11D3-BF4B-00C04F79EFBC}") = "RSSClient.Test", "RSSClient.Test\RSSClient.Test.csproj", "{EA1A4636-20C2-420F-B10A-5B6A646F0750}"
EndProject
Global
	GlobalSection(SolutionConfigurationPlatforms) = preSolution
		Debug|Any CPU = Debug|Any CPU
		Release|Any CPU = Release|Any CPU
	EndGlobalSection
	GlobalSection(ProjectConfigurationPlatforms) = postSolution
		{06605168-D7F3-4C50-BA36-E4A47E7EBC5F}.Debug|Any CPU.ActiveCfg = Debug|Any CPU
		{06605168-D7F3-4C50-BA36-E4A47E7EBC5F}.Debug|Any CPU.Build.0 = Debug|Any CPU
		{06605168-D7F3-4C50-BA36-E4A47E7EBC5F}.Release|Any CPU.ActiveCfg = Release|Any CPU
		{06605168-D7F3-4C50-BA36-E4A47E7EBC5F}.Release|Any CPU.Build.0 = Release|Any CPU
		{EA1A4636-20C2-420F-B10A-5B6A646F0750}.Debug|Any CPU.ActiveCfg = Debug|Any CPU
		{EA1A4636-20C2-420F-B10A-5B6A646F0750}.Debug|Any CPU.Build.0 = Debug|Any CPU
		{EA1A4636-20C2-420F-B10A-5B6A646F0750}.Release|Any CPU.ActiveCfg = Release|Any CPU
		{EA1A4636-20C2-420F-B10A-5B6A646F0750}.Release|Any CPU.Build.0 = Release|Any CPU
	EndGlobalSection
	GlobalSection(SolutionProperties) = preSolution
		HideSolutionNode = FALSE
	EndGlobalSection
EndGlobal
